{
  "object": {
    "pins": [
      {
        "package": "Alamofire",
        "repositoryURL": "https://github.com/Alamofire/Alamofire.git",
        "state": {
          "branch": null,
          "revision": "8dd85aee02e39dd280c75eef88ffdb86eed4b07b",
          "version": "5.6.2"
        }
      },
      {
        "package": "KakaoOpenSDK",
        "repositoryURL": "https://github.com/kakao/kakao-ios-sdk",
        "state": {
          "branch": "master",
          "revision": "f6277d7c264b935314e24ad11a3e9b04d85ec926",
          "version": null
        }
      }
    ]
  },
  "version": 1
}
